// !$*UTF8*$!
{
	archiveVersion = 1;
	classes = {
	};
	objectVersion = 46;
	objects = {

/* Begin PBXBuildFile section */
		279DCAA219420425008273C4 /* main.swift in Sources */ = {isa = PBXBuildFile; fileRef = 279DCAA119420425008273C4 /* main.swift */; };
		279DCAA919420441008273C4 /* myLib.swift in Sources */ = {isa = PBXBuildFile; fileRef = 279DCAA819420441008273C4 /* myLib.swift */; };
		27FB1ED61BD9656C00EE4844 /* proj1.swift in Sources */ = {isa = PBXBuildFile; fileRef = 27FB1ED51BD9656C00EE4844 /* proj1.swift */; settings = {ASSET_TAGS = (); }; };
		27FB1ED81BD9658E00EE4844 /* proj2.swift in Sources */ = {isa = PBXBuildFile; fileRef = 27FB1ED71BD9658E00EE4844 /* proj2.swift */; settings = {ASSET_TAGS = (); }; };
		27FB1EDA1BD965B400EE4844 /* proj3.swift in Sources */ = {isa = PBXBuildFile; fileRef = 27FB1ED91BD965B400EE4844 /* proj3.swift */; settings = {ASSET_TAGS = (); }; };
		27FB1EDC1BD965BA00EE4844 /* proj4.swift in Sources */ = {isa = PBXBuildFile; fileRef = 27FB1EDB1BD965BA00EE4844 /* proj4.swift */; settings = {ASSET_TAGS = (); }; };
		27FB1EDE1BD965DF00EE4844 /* proj5.swift in Sources */ = {isa = PBXBuildFile; fileRef = 27FB1EDD1BD965DF00EE4844 /* proj5.swift */; settings = {ASSET_TAGS = (); }; };
		27FB1EE01BD9860200EE4844 /* proj6.swift in Sources */ = {isa = PBXBuildFile; fileRef = 27FB1EDF1BD9860200EE4844 /* proj6.swift */; settings = {ASSET_TAGS = (); }; };
		27FB1EE21BD987BD00EE4844 /* proj7.swift in Sources */ = {isa = PBXBuildFile; fileRef = 27FB1EE11BD987BD00EE4844 /* proj7.swift */; settings = {ASSET_TAGS = (); }; };
		27FB1EE41BE1494700EE4844 /* proj8.swift in Sources */ = {isa = PBXBuildFile; fileRef = 27FB1EE31BE1494700EE4844 /* proj8.swift */; settings = {ASSET_TAGS = (); }; };
/* End PBXBuildFile section */

/* Begin PBXCopyFilesBuildPhase section */
		279DCA9C19420425008273C4 /* CopyFiles */ = {
			isa = PBXCopyFilesBuildPhase;
			buildActionMask = 2147483647;
			dstPath = /usr/share/man/man1/;
			dstSubfolderSpec = 0;
			files = (
			);
			runOnlyForDeploymentPostprocessing = 1;
		};
/* End PBXCopyFilesBuildPhase section */

/* Begin PBXFileReference section */
		279DCA9E19420425008273C4 /* projectGauss */ = {isa = PBXFileReference; explicitFileType = "compiled.mach-o.executable"; includeInIndex = 0; path = projectGauss; sourceTree = BUILT_PRODUCTS_DIR; };
		279DCAA119420425008273C4 /* main.swift */ = {isa = PBXFileReference; lastKnownFileType = sourcecode.swift; path = main.swift; sourceTree = "<group>"; };
		279DCAA819420441008273C4 /* myLib.swift */ = {isa = PBXFileReference; fileEncoding = 4; lastKnownFileType = sourcecode.swift; path = myLib.swift; sourceTree = "<group>"; };
		27FB1ED51BD9656C00EE4844 /* proj1.swift */ = {isa = PBXFileReference; fileEncoding = 4; lastKnownFileType = sourcecode.swift; path = proj1.swift; sourceTree = "<group>"; };
		27FB1ED71BD9658E00EE4844 /* proj2.swift */ = {isa = PBXFileReference; fileEncoding = 4; lastKnownFileType = sourcecode.swift; path = proj2.swift; sourceTree = "<group>"; };
		27FB1ED91BD965B400EE4844 /* proj3.swift */ = {isa = PBXFileReference; fileEncoding = 4; lastKnownFileType = sourcecode.swift; path = proj3.swift; sourceTree = "<group>"; };
		27FB1EDB1BD965BA00EE4844 /* proj4.swift */ = {isa = PBXFileReference; fileEncoding = 4; lastKnownFileType = sourcecode.swift; path = proj4.swift; sourceTree = "<group>"; };
		27FB1EDD1BD965DF00EE4844 /* proj5.swift */ = {isa = PBXFileReference; fileEncoding = 4; lastKnownFileType = sourcecode.swift; path = proj5.swift; sourceTree = "<group>"; };
		27FB1EDF1BD9860200EE4844 /* proj6.swift */ = {isa = PBXFileReference; fileEncoding = 4; lastKnownFileType = sourcecode.swift; path = proj6.swift; sourceTree = "<group>"; };
		27FB1EE11BD987BD00EE4844 /* proj7.swift */ = {isa = PBXFileReference; fileEncoding = 4; lastKnownFileType = sourcecode.swift; path = proj7.swift; sourceTree = "<group>"; };
		27FB1EE31BE1494700EE4844 /* proj8.swift */ = {isa = PBXFileReference; fileEncoding = 4; lastKnownFileType = sourcecode.swift; path = proj8.swift; sourceTree = "<group>"; };
/* End PBXFileReference section */

/* Begin PBXFrameworksBuildPhase section */
		279DCA9B19420425008273C4 /* Frameworks */ = {
			isa = PBXFrameworksBuildPhase;
			buildActionMask = 2147483647;
			files = (
			);
			runOnlyForDeploymentPostprocessing = 0;
		};
/* End PBXFrameworksBuildPhase section */

/* Begin PBXGroup section */
		279DCA9519420425008273C4 = {
			isa = PBXGroup;
			children = (
				279DCAA019420425008273C4 /* projectGauss */,
				279DCA9F19420425008273C4 /* Products */,
			);
			sourceTree = "<group>";
		};
		279DCA9F19420425008273C4 /* Products */ = {
			isa = PBXGroup;
			children = (
				279DCA9E19420425008273C4 /* projectGauss */,
			);
			name = Products;
			sourceTree = "<group>";
		};
		279DCAA019420425008273C4 /* projectGauss */ = {
			isa = PBXGroup;
			children = (
				279DCAA119420425008273C4 /* main.swift */,
				279DCAA819420441008273C4 /* myLib.swift */,
				27FB1ED51BD9656C00EE4844 /* proj1.swift */,
				27FB1ED71BD9658E00EE4844 /* proj2.swift */,
				27FB1ED91BD965B400EE4844 /* proj3.swift */,
				27FB1EDB1BD965BA00EE4844 /* proj4.swift */,
				27FB1EDD1BD965DF00EE4844 /* proj5.swift */,
				27FB1EDF1BD9860200EE4844 /* proj6.swift */,
				27FB1EE11BD987BD00EE4844 /* proj7.swift */,
				27FB1EE31BE1494700EE4844 /* proj8.swift */,
			);
			path = projectGauss;
			sourceTree = "<group>";
		};
/* End PBXGroup section */

/* Begin PBXNativeTarget section */
		279DCA9D19420425008273C4 /* projectGauss */ = {
			isa = PBXNativeTarget;
			buildConfigurationList = 279DCAA519420425008273C4 /* Build configuration list for PBXNativeTarget "projectGauss" */;
			buildPhases = (
				279DCA9A19420425008273C4 /* Sources */,
				279DCA9B19420425008273C4 /* Frameworks */,
				279DCA9C19420425008273C4 /* CopyFiles */,
			);
			buildRules = (
			);
			dependencies = (
			);
			name = projectGauss;
			productName = projectGauss;
			productReference = 279DCA9E19420425008273C4 /* projectGauss */;
			productType = "com.apple.product-type.tool";
		};
/* End PBXNativeTarget section */

/* Begin PBXProject section */
		279DCA9619420425008273C4 /* Project object */ = {
			isa = PBXProject;
			attributes = {
				LastSwiftMigration = 0700;
				LastSwiftUpdateCheck = 0700;
				LastUpgradeCheck = 0600;
				ORGANIZATIONNAME = "Timon Schmelzer";
				TargetAttributes = {
					279DCA9D19420425008273C4 = {
						CreatedOnToolsVersion = 6.0;
					};
				};
			};
			buildConfigurationList = 279DCA9919420425008273C4 /* Build configuration list for PBXProject "projectGauss" */;
			compatibilityVersion = "Xcode 3.2";
			developmentRegion = English;
			hasScannedForEncodings = 0;
			knownRegions = (
				en,
			);
			mainGroup = 279DCA9519420425008273C4;
			productRefGroup = 279DCA9F19420425008273C4 /* Products */;
			projectDirPath = "";
			projectRoot = "";
			targets = (
				279DCA9D19420425008273C4 /* projectGauss */,
			);
		};
/* End PBXProject section */

/* Begin PBXSourcesBuildPhase section */
		279DCA9A19420425008273C4 /* Sources */ = {
			isa = PBXSourcesBuildPhase;
			buildActionMask = 2147483647;
			files = (
				279DCAA919420441008273C4 /* myLib.swift in Sources */,
				279DCAA219420425008273C4 /* main.swift in Sources */,
				27FB1EE21BD987BD00EE4844 /* proj7.swift in Sources */,
				27FB1EDA1BD965B400EE4844 /* proj3.swift in Sources */,
				27FB1EDE1BD965DF00EE4844 /* proj5.swift in Sources */,
				27FB1ED61BD9656C00EE4844 /* proj1.swift in Sources */,
				27FB1ED81BD9658E00EE4844 /* proj2.swift in Sources */,
				27FB1EE41BE1494700EE4844 /* proj8.swift in Sources */,
				27FB1EDC1BD965BA00EE4844 /* proj4.swift in Sources */,
				27FB1EE01BD9860200EE4844 /* proj6.swift in Sources */,
			);
			runOnlyForDeploymentPostprocessing = 0;
		};
/* End PBXSourcesBuildPhase section */

/* Begin XCBuildConfiguration section */
		279DCAA319420425008273C4 /* Debug */ = {
			isa = XCBuildConfiguration;
			buildSettings = {
				ALWAYS_SEARCH_USER_PATHS = NO;
				CLANG_CXX_LANGUAGE_STANDARD = "gnu++0x";
				CLANG_CXX_LIBRARY = "libc++";
				CLANG_ENABLE_MODULES = YES;
				CLANG_ENABLE_OBJC_ARC = YES;
				CLANG_WARN_BOOL_CONVERSION = YES;
				CLANG_WARN_CONSTANT_CONVERSION = YES;
				CLANG_WARN_DIRECT_OBJC_ISA_USAGE = YES_ERROR;
				CLANG_WARN_EMPTY_BODY = YES;
				CLANG_WARN_ENUM_CONVERSION = YES;
				CLANG_WARN_INT_CONVERSION = YES;
				CLANG_WARN_OBJC_ROOT_CLASS = YES_ERROR;
				CLANG_WARN_UNREACHABLE_CODE = YES;
				CLANG_WARN__DUPLICATE_METHOD_MATCH = YES;
				COPY_PHASE_STRIP = NO;
				ENABLE_STRICT_OBJC_MSGSEND = YES;
				GCC_C_LANGUAGE_STANDARD = gnu99;
				GCC_DYNAMIC_NO_PIC = NO;
				GCC_OPTIMIZATION_LEVEL = 0;
				GCC_PREPROCESSOR_DEFINITIONS = (
					"DEBUG=1",
					"$(inherited)",
				);
				GCC_SYMBOLS_PRIVATE_EXTERN = NO;
				GCC_WARN_64_TO_32_BIT_CONVERSION = YES;
				GCC_WARN_ABOUT_RETURN_TYPE = YES_ERROR;
				GCC_WARN_UNDECLARED_SELECTOR = YES;
				GCC_WARN_UNINITIALIZED_AUTOS = YES_AGGRESSIVE;
				GCC_WARN_UNUSED_FUNCTION = YES;
				GCC_WARN_UNUSED_VARIABLE = YES;
				MACOSX_DEPLOYMENT_TARGET = 10.9;
				METAL_ENABLE_DEBUG_INFO = YES;
				ONLY_ACTIVE_ARCH = YES;
				SDKROOT = macosx;
				SWIFT_OPTIMIZATION_LEVEL = "-Onone";
			};
			name = Debug;
		};
		279DCAA419420425008273C4 /* Release */ = {
			isa = XCBuildConfiguration;
			buildSettings = {
				ALWAYS_SEARCH_USER_PATHS = NO;
				CLANG_CXX_LANGUAGE_STANDARD = "gnu++0x";
				CLANG_CXX_LIBRARY = "libc++";
				CLANG_ENABLE_MODULES = YES;
				CLANG_ENABLE_OBJC_ARC = YES;
				CLANG_WARN_BOOL_CONVERSION = YES;
				CLANG_WARN_CONSTANT_CONVERSION = YES;
				CLANG_WARN_DIRECT_OBJC_ISA_USAGE = YES_ERROR;
				CLANG_WARN_EMPTY_BODY = YES;
				CLANG_WARN_ENUM_CONVERSION = YES;
				CLANG_WARN_INT_CONVERSION = YES;
				CLANG_WARN_OBJC_ROOT_CLASS = YES_ERROR;
				CLANG_WARN_UNREACHABLE_CODE = YES;
				CLANG_WARN__DUPLICATE_METHOD_MATCH = YES;
				COPY_PHASE_STRIP = YES;
				DEBUG_INFORMATION_FORMAT = "dwarf-with-dsym";
				ENABLE_NS_ASSERTIONS = NO;
				ENABLE_STRICT_OBJC_MSGSEND = YES;
				GCC_C_LANGUAGE_STANDARD = gnu99;
				GCC_WARN_64_TO_32_BIT_CONVERSION = YES;
				GCC_WARN_ABOUT_RETURN_TYPE = YES_ERROR;
				GCC_WARN_UNDECLARED_SELECTOR = YES;
				GCC_WARN_UNINITIALIZED_AUTOS = YES_AGGRESSIVE;
				GCC_WARN_UNUSED_FUNCTION = YES;
				GCC_WARN_UNUSED_VARIABLE = YES;
				MACOSX_DEPLOYMENT_TARGET = 10.9;
				METAL_ENABLE_DEBUG_INFO = NO;
				SDKROOT = macosx;
			};
			name = Release;
		};
		279DCAA619420425008273C4 /* Debug */ = {
			isa = XCBuildConfiguration;
			buildSettings = {
				PRODUCT_NAME = "$(TARGET_NAME)";
				SWIFT_OPTIMIZATION_LEVEL = "-Owholemodule";
			};
			name = Debug;
		};
		279DCAA719420425008273C4 /* Release */ = {
			isa = XCBuildConfiguration;
			buildSettings = {
				PRODUCT_NAME = "$(TARGET_NAME)";
			};
			name = Release;
		};
/* End XCBuildConfiguration section */

/* Begin XCConfigurationList section */
		279DCA9919420425008273C4 /* Build configuration list for PBXProject "projectGauss" */ = {
			isa = XCConfigurationList;
			buildConfigurations = (
				279DCAA319420425008273C4 /* Debug */,
				279DCAA419420425008273C4 /* Release */,
			);
			defaultConfigurationIsVisible = 0;
			defaultConfigurationName = Release;
		};
		279DCAA519420425008273C4 /* Build configuration list for PBXNativeTarget "projectGauss" */ = {
			isa = XCConfigurationList;
			buildConfigurations = (
				279DCAA619420425008273C4 /* Debug */,
				279DCAA719420425008273C4 /* Release */,
			);
			defaultConfigurationIsVisible = 0;
			defaultConfigurationName = Release;
		};
/* End XCConfigurationList section */
	};
	rootObject = 279DCA9619420425008273C4 /* Project object */;
}
